
Microsoft Visual Studio Solution File, Format Version 12.00
# Visual Studio Version 17
VisualStudioVersion = 17.4.33213.308
MinimumVisualStudioVersion = 10.0.40219.1
Project("{FAE04EC0-301F-11D3-BF4B-00C04F79EFBC}") = "TextFileProcessing", "TextFileProcessing\TextFileProcessing.csproj", "{7271FF90-4B02-49E8-AA85-4B21DF68B493}"
EndProject
Global
	GlobalSection(SolutionConfigurationPlatforms) = preSolution
		Debug|Any CPU = Debug|Any CPU
		Release|Any CPU = Release|Any CPU
	EndGlobalSection
	GlobalSection(ProjectConfigurationPlatforms) = postSolution
		{7271FF90-4B02-49E8-AA85-4B21DF68B493}.Debug|Any CPU.ActiveCfg = Debug|Any CPU
		{7271FF90-4B02-49E8-AA85-4B21DF68B493}.Debug|Any CPU.Build.0 = Debug|Any CPU
		{7271FF90-4B02-49E8-AA85-4B21DF68B493}.Release|Any CPU.ActiveCfg = Release|Any CPU
		{7271FF90-4B02-49E8-AA85-4B21DF68B493}.Release|Any CPU.Build.0 = Release|Any CPU
	EndGlobalSection
	GlobalSection(SolutionProperties) = preSolution
		HideSolutionNode = FALSE
	EndGlobalSection
	GlobalSection(ExtensibilityGlobals) = postSolution
		SolutionGuid = {78ED6A1D-3309-44CD-A693-3182B3F21197}
	EndGlobalSection
EndGlobal
